
Microsoft Visual Studio Solution File, Format Version 12.00
# Visual Studio Version 17
VisualStudioVersion = 17.5.33502.453
MinimumVisualStudioVersion = 10.0.40219.1
Project("{8BC9CEB8-8B4A-11D0-8D11-00A0C91BC942}") = "Comp_Graph_Lab_2_4", "Comp_Graph_Lab_2_4.vcxproj", "{046A4994-4DF8-4F4D-8EB7-1173F29D7C7A}"
EndProject
Global
	GlobalSection(SolutionConfigurationPlatforms) = preSolution
		Debug|x64 = Debug|x64
		Debug|x86 = Debug|x86
		Release|x64 = Release|x64
		Release|x86 = Release|x86
	EndGlobalSection
	GlobalSection(ProjectConfigurationPlatforms) = postSolution
		{046A4994-4DF8-4F4D-8EB7-1173F29D7C7A}.Debug|x64.ActiveCfg = Debug|x64
		{046A4994-4DF8-4F4D-8EB7-1173F29D7C7A}.Debug|x64.Build.0 = Debug|x64
		{046A4994-4DF8-4F4D-8EB7-1173F29D7C7A}.Debug|x86.ActiveCfg = Debug|Win32
		{046A4994-4DF8-4F4D-8EB7-1173F29D7C7A}.Debug|x86.Build.0 = Debug|Win32
		{046A4994-4DF8-4F4D-8EB7-1173F29D7C7A}.Release|x64.ActiveCfg = Release|x64
		{046A4994-4DF8-4F4D-8EB7-1173F29D7C7A}.Release|x64.Build.0 = Release|x64
		{046A4994-4DF8-4F4D-8EB7-1173F29D7C7A}.Release|x86.ActiveCfg = Release|Win32
		{046A4994-4DF8-4F4D-8EB7-1173F29D7C7A}.Release|x86.Build.0 = Release|Win32
	EndGlobalSection
	GlobalSection(SolutionProperties) = preSolution
		HideSolutionNode = FALSE
	EndGlobalSection
	GlobalSection(ExtensibilityGlobals) = postSolution
		SolutionGuid = {88FC6D17-EA1A-44C7-A2E9-90B7CB75CAA7}
	EndGlobalSection
EndGlobal
